
Microsoft Visual Studio Solution File, Format Version 12.00
# Visual Studio 15
VisualStudioVersion = 15.0.28010.2046
MinimumVisualStudioVersion = 10.0.40219.1
Project("{FAE04EC0-301F-11D3-BF4B-00C04F79EFBC}") = "bcMenuItem", "bcMenuItem\bcMenuItem.csproj", "{F2B5F753-B696-40FD-ADE0-3E22E0FB850F}"
EndProject
Project("{FAE04EC0-301F-11D3-BF4B-00C04F79EFBC}") = "WindowsFormsApp1", "WindowsFormsApp1\WindowsFormsApp1.csproj", "{91076E00-DA8C-40E8-911B-87CE98911236}"
EndProject
Project("{FAE04EC0-301F-11D3-BF4B-00C04F79EFBC}") = "prova", "prova\prova.csproj", "{305F0B34-1975-451A-955B-EEDFB61071BA}"
EndProject
Project("{FAE04EC0-301F-11D3-BF4B-00C04F79EFBC}") = "SdSUsuaris", "SdSUsuaris\SdSUsuaris.csproj", "{CE99E45F-14E6-4822-85A2-B69A5B327F67}"
EndProject
Global
	GlobalSection(SolutionConfigurationPlatforms) = preSolution
		Debug|Any CPU = Debug|Any CPU
		Release|Any CPU = Release|Any CPU
	EndGlobalSection
	GlobalSection(ProjectConfigurationPlatforms) = postSolution
		{F2B5F753-B696-40FD-ADE0-3E22E0FB850F}.Debug|Any CPU.ActiveCfg = Debug|Any CPU
		{F2B5F753-B696-40FD-ADE0-3E22E0FB850F}.Debug|Any CPU.Build.0 = Debug|Any CPU
		{F2B5F753-B696-40FD-ADE0-3E22E0FB850F}.Release|Any CPU.ActiveCfg = Release|Any CPU
		{F2B5F753-B696-40FD-ADE0-3E22E0FB850F}.Release|Any CPU.Build.0 = Release|Any CPU
		{91076E00-DA8C-40E8-911B-87CE98911236}.Debug|Any CPU.ActiveCfg = Debug|Any CPU
		{91076E00-DA8C-40E8-911B-87CE98911236}.Debug|Any CPU.Build.0 = Debug|Any CPU
		{91076E00-DA8C-40E8-911B-87CE98911236}.Release|Any CPU.ActiveCfg = Release|Any CPU
		{91076E00-DA8C-40E8-911B-87CE98911236}.Release|Any CPU.Build.0 = Release|Any CPU
		{305F0B34-1975-451A-955B-EEDFB61071BA}.Debug|Any CPU.ActiveCfg = Debug|Any CPU
		{305F0B34-1975-451A-955B-EEDFB61071BA}.Debug|Any CPU.Build.0 = Debug|Any CPU
		{305F0B34-1975-451A-955B-EEDFB61071BA}.Release|Any CPU.ActiveCfg = Release|Any CPU
		{305F0B34-1975-451A-955B-EEDFB61071BA}.Release|Any CPU.Build.0 = Release|Any CPU
		{CE99E45F-14E6-4822-85A2-B69A5B327F67}.Debug|Any CPU.ActiveCfg = Debug|Any CPU
		{CE99E45F-14E6-4822-85A2-B69A5B327F67}.Debug|Any CPU.Build.0 = Debug|Any CPU
		{CE99E45F-14E6-4822-85A2-B69A5B327F67}.Release|Any CPU.ActiveCfg = Release|Any CPU
		{CE99E45F-14E6-4822-85A2-B69A5B327F67}.Release|Any CPU.Build.0 = Release|Any CPU
	EndGlobalSection
	GlobalSection(SolutionProperties) = preSolution
		HideSolutionNode = FALSE
	EndGlobalSection
	GlobalSection(ExtensibilityGlobals) = postSolution
		SolutionGuid = {4A7BAC03-8549-4152-9CAE-615022A73304}
	EndGlobalSection
EndGlobal
